// !$*UTF8*$!
{
	archiveVersion = 1;
	classes = {
	};
	objectVersion = 46;
	objects = {

/* Begin PBXBuildFile section */
		140E0E121B93B8D800811677 /* main.m in Sources */ = {isa = PBXBuildFile; fileRef = 140E0E111B93B8D800811677 /* main.m */; };
		140E0E151B93B8D800811677 /* AppDelegate.m in Sources */ = {isa = PBXBuildFile; fileRef = 140E0E141B93B8D800811677 /* AppDelegate.m */; };
		140E0E181B93B8D800811677 /* ViewController.m in Sources */ = {isa = PBXBuildFile; fileRef = 140E0E171B93B8D800811677 /* ViewController.m */; };
		140E0E1B1B93B8D800811677 /* Main.storyboard in Resources */ = {isa = PBXBuildFile; fileRef = 140E0E191B93B8D800811677 /* Main.storyboard */; };
		140E0E1D1B93B8D800811677 /* Images.xcassets in Resources */ = {isa = PBXBuildFile; fileRef = 140E0E1C1B93B8D800811677 /* Images.xcassets */; };
		140E0E201B93B8D800811677 /* LaunchScreen.xib in Resources */ = {isa = PBXBuildFile; fileRef = 140E0E1E1B93B8D800811677 /* LaunchScreen.xib */; };
		140E0E2C1B93B8D900811677 /* DrawMeTests.m in Sources */ = {isa = PBXBuildFile; fileRef = 140E0E2B1B93B8D900811677 /* DrawMeTests.m */; };
		142F7AD21B93BA940013636E /* Twitter.framework in Frameworks */ = {isa = PBXBuildFile; fileRef = 142F7AD11B93BA940013636E /* Twitter.framework */; };
		142F7AD41B93BA9C0013636E /* UIKit.framework in Frameworks */ = {isa = PBXBuildFile; fileRef = 142F7AD31B93BA9C0013636E /* UIKit.framework */; };
		142F7AD61B93BAA20013636E /* Foundation.framework in Frameworks */ = {isa = PBXBuildFile; fileRef = 142F7AD51B93BAA20013636E /* Foundation.framework */; };
		142F7AD81B93BAA90013636E /* CoreGraphics.framework in Frameworks */ = {isa = PBXBuildFile; fileRef = 142F7AD71B93BAA90013636E /* CoreGraphics.framework */; };
		142F7AF01B93C36E0013636E /* b.png in Resources */ = {isa = PBXBuildFile; fileRef = 142F7ADA1B93C36E0013636E /* b.png */; };
		142F7AF11B93C36E0013636E /* Black.png in Resources */ = {isa = PBXBuildFile; fileRef = 142F7ADB1B93C36E0013636E /* Black.png */; };
		142F7AF21B93C36E0013636E /* Blue.png in Resources */ = {isa = PBXBuildFile; fileRef = 142F7ADC1B93C36E0013636E /* Blue.png */; };
		142F7AF31B93C36E0013636E /* Brown.png in Resources */ = {isa = PBXBuildFile; fileRef = 142F7ADD1B93C36E0013636E /* Brown.png */; };
		142F7AF41B93C36E0013636E /* Custom-Color.png in Resources */ = {isa = PBXBuildFile; fileRef = 142F7ADE1B93C36E0013636E /* Custom-Color.png */; };
		142F7AF51B93C36E0013636E /* DarkGreen.png in Resources */ = {isa = PBXBuildFile; fileRef = 142F7ADF1B93C36E0013636E /* DarkGreen.png */; };
		142F7AF61B93C36E0013636E /* DarkOrange.png in Resources */ = {isa = PBXBuildFile; fileRef = 142F7AE01B93C36E0013636E /* DarkOrange.png */; };
		142F7AF71B93C36E0013636E /* Eraser.png in Resources */ = {isa = PBXBuildFile; fileRef = 142F7AE11B93C36E0013636E /* Eraser.png */; };
		142F7AF81B93C36E0013636E /* g.png in Resources */ = {isa = PBXBuildFile; fileRef = 142F7AE21B93C36E0013636E /* g.png */; };
		142F7AF91B93C36E0013636E /* Grey.png in Resources */ = {isa = PBXBuildFile; fileRef = 142F7AE31B93C36E0013636E /* Grey.png */; };
		142F7AFA1B93C36E0013636E /* LightBlue.png in Resources */ = {isa = PBXBuildFile; fileRef = 142F7AE41B93C36E0013636E /* LightBlue.png */; };
		142F7AFB1B93C36E0013636E /* LightGreen.png in Resources */ = {isa = PBXBuildFile; fileRef = 142F7AE51B93C36E0013636E /* LightGreen.png */; };
		142F7AFC1B93C36E0013636E /* Opacity.png in Resources */ = {isa = PBXBuildFile; fileRef = 142F7AE61B93C36E0013636E /* Opacity.png */; };
		142F7AFD1B93C36E0013636E /* r.png in Resources */ = {isa = PBXBuildFile; fileRef = 142F7AE71B93C36E0013636E /* r.png */; };
		142F7AFE1B93C36E0013636E /* Red.png in Resources */ = {isa = PBXBuildFile; fileRef = 142F7AE81B93C36E0013636E /* Red.png */; };
		142F7AFF1B93C36E0013636E /* reset-Small.png in Resources */ = {isa = PBXBuildFile; fileRef = 142F7AE91B93C36E0013636E /* reset-Small.png */; };
		142F7B001B93C36E0013636E /* Save-Small.png in Resources */ = {isa = PBXBuildFile; fileRef = 142F7AEA1B93C36E0013636E /* Save-Small.png */; };
		142F7B011B93C36E0013636E /* Setting-1.png in Resources */ = {isa = PBXBuildFile; fileRef = 142F7AEB1B93C36E0013636E /* Setting-1.png */; };
		142F7B021B93C36E0013636E /* Setting-2.png in Resources */ = {isa = PBXBuildFile; fileRef = 142F7AEC1B93C36E0013636E /* Setting-2.png */; };
		142F7B031B93C36E0013636E /* thickness.png in Resources */ = {isa = PBXBuildFile; fileRef = 142F7AED1B93C36E0013636E /* thickness.png */; };
		142F7B041B93C36E0013636E /* width.png in Resources */ = {isa = PBXBuildFile; fileRef = 142F7AEE1B93C36E0013636E /* width.png */; };
		142F7B051B93C36E0013636E /* Yellow.png in Resources */ = {isa = PBXBuildFile; fileRef = 142F7AEF1B93C36E0013636E /* Yellow.png */; };
/* End PBXBuildFile section */

/* Begin PBXContainerItemProxy section */
		140E0E261B93B8D900811677 /* PBXContainerItemProxy */ = {
			isa = PBXContainerItemProxy;
			containerPortal = 140E0E041B93B8D800811677 /* Project object */;
			proxyType = 1;
			remoteGlobalIDString = 140E0E0B1B93B8D800811677;
			remoteInfo = DrawMe;
		};
/* End PBXContainerItemProxy section */

/* Begin PBXFileReference section */
		140E0E0C1B93B8D800811677 /* DrawMe.app */ = {isa = PBXFileReference; explicitFileType = wrapper.application; includeInIndex = 0; path = DrawMe.app; sourceTree = BUILT_PRODUCTS_DIR; };
		140E0E101B93B8D800811677 /* Info.plist */ = {isa = PBXFileReference; lastKnownFileType = text.plist.xml; path = Info.plist; sourceTree = "<group>"; };
		140E0E111B93B8D800811677 /* main.m */ = {isa = PBXFileReference; lastKnownFileType = sourcecode.c.objc; path = main.m; sourceTree = "<group>"; };
		140E0E131B93B8D800811677 /* AppDelegate.h */ = {isa = PBXFileReference; lastKnownFileType = sourcecode.c.h; path = AppDelegate.h; sourceTree = "<group>"; };
		140E0E141B93B8D800811677 /* AppDelegate.m */ = {isa = PBXFileReference; lastKnownFileType = sourcecode.c.objc; path = AppDelegate.m; sourceTree = "<group>"; };
		140E0E161B93B8D800811677 /* ViewController.h */ = {isa = PBXFileReference; lastKnownFileType = sourcecode.c.h; path = ViewController.h; sourceTree = "<group>"; };
		140E0E171B93B8D800811677 /* ViewController.m */ = {isa = PBXFileReference; lastKnownFileType = sourcecode.c.objc; path = ViewController.m; sourceTree = "<group>"; };
		140E0E1A1B93B8D800811677 /* Base */ = {isa = PBXFileReference; lastKnownFileType = file.storyboard; name = Base; path = Base.lproj/Main.storyboard; sourceTree = "<group>"; };
		140E0E1C1B93B8D800811677 /* Images.xcassets */ = {isa = PBXFileReference; lastKnownFileType = folder.assetcatalog; path = Images.xcassets; sourceTree = "<group>"; };
		140E0E1F1B93B8D800811677 /* Base */ = {isa = PBXFileReference; lastKnownFileType = file.xib; name = Base; path = Base.lproj/LaunchScreen.xib; sourceTree = "<group>"; };
		140E0E251B93B8D900811677 /* DrawMeTests.xctest */ = {isa = PBXFileReference; explicitFileType = wrapper.cfbundle; includeInIndex = 0; path = DrawMeTests.xctest; sourceTree = BUILT_PRODUCTS_DIR; };
		140E0E2A1B93B8D900811677 /* Info.plist */ = {isa = PBXFileReference; lastKnownFileType = text.plist.xml; path = Info.plist; sourceTree = "<group>"; };
		140E0E2B1B93B8D900811677 /* DrawMeTests.m */ = {isa = PBXFileReference; lastKnownFileType = sourcecode.c.objc; path = DrawMeTests.m; sourceTree = "<group>"; };
		142F7AD11B93BA940013636E /* Twitter.framework */ = {isa = PBXFileReference; lastKnownFileType = wrapper.framework; name = Twitter.framework; path = System/Library/Frameworks/Twitter.framework; sourceTree = SDKROOT; };
		142F7AD31B93BA9C0013636E /* UIKit.framework */ = {isa = PBXFileReference; lastKnownFileType = wrapper.framework; name = UIKit.framework; path = System/Library/Frameworks/UIKit.framework; sourceTree = SDKROOT; };
		142F7AD51B93BAA20013636E /* Foundation.framework */ = {isa = PBXFileReference; lastKnownFileType = wrapper.framework; name = Foundation.framework; path = System/Library/Frameworks/Foundation.framework; sourceTree = SDKROOT; };
		142F7AD71B93BAA90013636E /* CoreGraphics.framework */ = {isa = PBXFileReference; lastKnownFileType = wrapper.framework; name = CoreGraphics.framework; path = System/Library/Frameworks/CoreGraphics.framework; sourceTree = SDKROOT; };
		142F7ADA1B93C36E0013636E /* b.png */ = {isa = PBXFileReference; lastKnownFileType = image.png; path = b.png; sourceTree = "<group>"; };
		142F7ADB1B93C36E0013636E /* Black.png */ = {isa = PBXFileReference; lastKnownFileType = image.png; path = Black.png; sourceTree = "<group>"; };
		142F7ADC1B93C36E0013636E /* Blue.png */ = {isa = PBXFileReference; lastKnownFileType = image.png; path = Blue.png; sourceTree = "<group>"; };
		142F7ADD1B93C36E0013636E /* Brown.png */ = {isa = PBXFileReference; lastKnownFileType = image.png; path = Brown.png; sourceTree = "<group>"; };
		142F7ADE1B93C36E0013636E /* Custom-Color.png */ = {isa = PBXFileReference; lastKnownFileType = image.png; path = "Custom-Color.png"; sourceTree = "<group>"; };
		142F7ADF1B93C36E0013636E /* DarkGreen.png */ = {isa = PBXFileReference; lastKnownFileType = image.png; path = DarkGreen.png; sourceTree = "<group>"; };
		142F7AE01B93C36E0013636E /* DarkOrange.png */ = {isa = PBXFileReference; lastKnownFileType = image.png; path = DarkOrange.png; sourceTree = "<group>"; };
		142F7AE11B93C36E0013636E /* Eraser.png */ = {isa = PBXFileReference; lastKnownFileType = image.png; path = Eraser.png; sourceTree = "<group>"; };
		142F7AE21B93C36E0013636E /* g.png */ = {isa = PBXFileReference; lastKnownFileType = image.png; path = g.png; sourceTree = "<group>"; };
		142F7AE31B93C36E0013636E /* Grey.png */ = {isa = PBXFileReference; lastKnownFileType = image.png; path = Grey.png; sourceTree = "<group>"; };
		142F7AE41B93C36E0013636E /* LightBlue.png */ = {isa = PBXFileReference; lastKnownFileType = image.png; path = LightBlue.png; sourceTree = "<group>"; };
		142F7AE51B93C36E0013636E /* LightGreen.png */ = {isa = PBXFileReference; lastKnownFileType = image.png; path = LightGreen.png; sourceTree = "<group>"; };
		142F7AE61B93C36E0013636E /* Opacity.png */ = {isa = PBXFileReference; lastKnownFileType = image.png; path = Opacity.png; sourceTree = "<group>"; };
		142F7AE71B93C36E0013636E /* r.png */ = {isa = PBXFileReference; lastKnownFileType = image.png; path = r.png; sourceTree = "<group>"; };
		142F7AE81B93C36E0013636E /* Red.png */ = {isa = PBXFileReference; lastKnownFileType = image.png; path = Red.png; sourceTree = "<group>"; };
		142F7AE91B93C36E0013636E /* reset-Small.png */ = {isa = PBXFileReference; lastKnownFileType = image.png; path = "reset-Small.png"; sourceTree = "<group>"; };
		142F7AEA1B93C36E0013636E /* Save-Small.png */ = {isa = PBXFileReference; lastKnownFileType = image.png; path = "Save-Small.png"; sourceTree = "<group>"; };
		142F7AEB1B93C36E0013636E /* Setting-1.png */ = {isa = PBXFileReference; lastKnownFileType = image.png; path = "Setting-1.png"; sourceTree = "<group>"; };
		142F7AEC1B93C36E0013636E /* Setting-2.png */ = {isa = PBXFileReference; lastKnownFileType = image.png; path = "Setting-2.png"; sourceTree = "<group>"; };
		142F7AED1B93C36E0013636E /* thickness.png */ = {isa = PBXFileReference; lastKnownFileType = image.png; path = thickness.png; sourceTree = "<group>"; };
		142F7AEE1B93C36E0013636E /* width.png */ = {isa = PBXFileReference; lastKnownFileType = image.png; path = width.png; sourceTree = "<group>"; };
		142F7AEF1B93C36E0013636E /* Yellow.png */ = {isa = PBXFileReference; lastKnownFileType = image.png; path = Yellow.png; sourceTree = "<group>"; };
/* End PBXFileReference section */

/* Begin PBXFrameworksBuildPhase section */
		140E0E091B93B8D800811677 /* Frameworks */ = {
			isa = PBXFrameworksBuildPhase;
			buildActionMask = 2147483647;
			files = (
				142F7AD81B93BAA90013636E /* CoreGraphics.framework in Frameworks */,
				142F7AD61B93BAA20013636E /* Foundation.framework in Frameworks */,
				142F7AD41B93BA9C0013636E /* UIKit.framework in Frameworks */,
				142F7AD21B93BA940013636E /* Twitter.framework in Frameworks */,
			);
			runOnlyForDeploymentPostprocessing = 0;
		};
		140E0E221B93B8D900811677 /* Frameworks */ = {
			isa = PBXFrameworksBuildPhase;
			buildActionMask = 2147483647;
			files = (
			);
			runOnlyForDeploymentPostprocessing = 0;
		};
/* End PBXFrameworksBuildPhase section */

/* Begin PBXGroup section */
		140E0E031B93B8D800811677 = {
			isa = PBXGroup;
			children = (
				142F7AD71B93BAA90013636E /* CoreGraphics.framework */,
				142F7AD51B93BAA20013636E /* Foundation.framework */,
				142F7AD31B93BA9C0013636E /* UIKit.framework */,
				142F7AD11B93BA940013636E /* Twitter.framework */,
				140E0E0E1B93B8D800811677 /* DrawMe */,
				140E0E281B93B8D900811677 /* DrawMeTests */,
				140E0E0D1B93B8D800811677 /* Products */,
				142F7AD91B93C36E0013636E /* Graphics */,
			);
			sourceTree = "<group>";
		};
		140E0E0D1B93B8D800811677 /* Products */ = {
			isa = PBXGroup;
			children = (
				140E0E0C1B93B8D800811677 /* DrawMe.app */,
				140E0E251B93B8D900811677 /* DrawMeTests.xctest */,
			);
			name = Products;
			sourceTree = "<group>";
		};
		140E0E0E1B93B8D800811677 /* DrawMe */ = {
			isa = PBXGroup;
			children = (
				140E0E131B93B8D800811677 /* AppDelegate.h */,
				140E0E141B93B8D800811677 /* AppDelegate.m */,
				140E0E161B93B8D800811677 /* ViewController.h */,
				140E0E171B93B8D800811677 /* ViewController.m */,
				140E0E191B93B8D800811677 /* Main.storyboard */,
				140E0E1C1B93B8D800811677 /* Images.xcassets */,
				140E0E1E1B93B8D800811677 /* LaunchScreen.xib */,
				140E0E0F1B93B8D800811677 /* Supporting Files */,
			);
			path = DrawMe;
			sourceTree = "<group>";
		};
		140E0E0F1B93B8D800811677 /* Supporting Files */ = {
			isa = PBXGroup;
			children = (
				140E0E101B93B8D800811677 /* Info.plist */,
				140E0E111B93B8D800811677 /* main.m */,
			);
			name = "Supporting Files";
			sourceTree = "<group>";
		};
		140E0E281B93B8D900811677 /* DrawMeTests */ = {
			isa = PBXGroup;
			children = (
				140E0E2B1B93B8D900811677 /* DrawMeTests.m */,
				140E0E291B93B8D900811677 /* Supporting Files */,
			);
			path = DrawMeTests;
			sourceTree = "<group>";
		};
		140E0E291B93B8D900811677 /* Supporting Files */ = {
			isa = PBXGroup;
			children = (
				140E0E2A1B93B8D900811677 /* Info.plist */,
			);
			name = "Supporting Files";
			sourceTree = "<group>";
		};
		142F7AD91B93C36E0013636E /* Graphics */ = {
			isa = PBXGroup;
			children = (
				142F7ADA1B93C36E0013636E /* b.png */,
				142F7ADB1B93C36E0013636E /* Black.png */,
				142F7ADC1B93C36E0013636E /* Blue.png */,
				142F7ADD1B93C36E0013636E /* Brown.png */,
				142F7ADE1B93C36E0013636E /* Custom-Color.png */,
				142F7ADF1B93C36E0013636E /* DarkGreen.png */,
				142F7AE01B93C36E0013636E /* DarkOrange.png */,
				142F7AE11B93C36E0013636E /* Eraser.png */,
				142F7AE21B93C36E0013636E /* g.png */,
				142F7AE31B93C36E0013636E /* Grey.png */,
				142F7AE41B93C36E0013636E /* LightBlue.png */,
				142F7AE51B93C36E0013636E /* LightGreen.png */,
				142F7AE61B93C36E0013636E /* Opacity.png */,
				142F7AE71B93C36E0013636E /* r.png */,
				142F7AE81B93C36E0013636E /* Red.png */,
				142F7AE91B93C36E0013636E /* reset-Small.png */,
				142F7AEA1B93C36E0013636E /* Save-Small.png */,
				142F7AEB1B93C36E0013636E /* Setting-1.png */,
				142F7AEC1B93C36E0013636E /* Setting-2.png */,
				142F7AED1B93C36E0013636E /* thickness.png */,
				142F7AEE1B93C36E0013636E /* width.png */,
				142F7AEF1B93C36E0013636E /* Yellow.png */,
			);
			path = Graphics;
			sourceTree = "<group>";
		};
/* End PBXGroup section */

/* Begin PBXNativeTarget section */
		140E0E0B1B93B8D800811677 /* DrawMe */ = {
			isa = PBXNativeTarget;
			buildConfigurationList = 140E0E2F1B93B8D900811677 /* Build configuration list for PBXNativeTarget "DrawMe" */;
			buildPhases = (
				140E0E081B93B8D800811677 /* Sources */,
				140E0E091B93B8D800811677 /* Frameworks */,
				140E0E0A1B93B8D800811677 /* Resources */,
			);
			buildRules = (
			);
			dependencies = (
			);
			name = DrawMe;
			productName = DrawMe;
			productReference = 140E0E0C1B93B8D800811677 /* DrawMe.app */;
			productType = "com.apple.product-type.application";
		};
		140E0E241B93B8D900811677 /* DrawMeTests */ = {
			isa = PBXNativeTarget;
			buildConfigurationList = 140E0E321B93B8D900811677 /* Build configuration list for PBXNativeTarget "DrawMeTests" */;
			buildPhases = (
				140E0E211B93B8D900811677 /* Sources */,
				140E0E221B93B8D900811677 /* Frameworks */,
				140E0E231B93B8D900811677 /* Resources */,
			);
			buildRules = (
			);
			dependencies = (
				140E0E271B93B8D900811677 /* PBXTargetDependency */,
			);
			name = DrawMeTests;
			productName = DrawMeTests;
			productReference = 140E0E251B93B8D900811677 /* DrawMeTests.xctest */;
			productType = "com.apple.product-type.bundle.unit-test";
		};
/* End PBXNativeTarget section */

/* Begin PBXProject section */
		140E0E041B93B8D800811677 /* Project object */ = {
			isa = PBXProject;
			attributes = {
				LastUpgradeCheck = 0640;
				ORGANIZATIONNAME = "Jim Rush";
				TargetAttributes = {
					140E0E0B1B93B8D800811677 = {
						CreatedOnToolsVersion = 6.4;
						DevelopmentTeam = KQTREUU2DQ;
					};
					140E0E241B93B8D900811677 = {
						CreatedOnToolsVersion = 6.4;
						TestTargetID = 140E0E0B1B93B8D800811677;
					};
				};
			};
			buildConfigurationList = 140E0E071B93B8D800811677 /* Build configuration list for PBXProject "DrawMe" */;
			compatibilityVersion = "Xcode 3.2";
			developmentRegion = English;
			hasScannedForEncodings = 0;
			knownRegions = (
				en,
				Base,
			);
			mainGroup = 140E0E031B93B8D800811677;
			productRefGroup = 140E0E0D1B93B8D800811677 /* Products */;
			projectDirPath = "";
			projectRoot = "";
			targets = (
				140E0E0B1B93B8D800811677 /* DrawMe */,
				140E0E241B93B8D900811677 /* DrawMeTests */,
			);
		};
/* End PBXProject section */

/* Begin PBXResourcesBuildPhase section */
		140E0E0A1B93B8D800811677 /* Resources */ = {
			isa = PBXResourcesBuildPhase;
			buildActionMask = 2147483647;
			files = (
				142F7AFB1B93C36E0013636E /* LightGreen.png in Resources */,
				142F7AF91B93C36E0013636E /* Grey.png in Resources */,
				140E0E1B1B93B8D800811677 /* Main.storyboard in Resources */,
				142F7AF11B93C36E0013636E /* Black.png in Resources */,
				142F7B041B93C36E0013636E /* width.png in Resources */,
				142F7AF71B93C36E0013636E /* Eraser.png in Resources */,
				142F7B051B93C36E0013636E /* Yellow.png in Resources */,
				142F7AF81B93C36E0013636E /* g.png in Resources */,
				142F7AF41B93C36E0013636E /* Custom-Color.png in Resources */,
				142F7AFC1B93C36E0013636E /* Opacity.png in Resources */,
				142F7B011B93C36E0013636E /* Setting-1.png in Resources */,
				140E0E201B93B8D800811677 /* LaunchScreen.xib in Resources */,
				142F7AF51B93C36E0013636E /* DarkGreen.png in Resources */,
				142F7B001B93C36E0013636E /* Save-Small.png in Resources */,
				142F7AF21B93C36E0013636E /* Blue.png in Resources */,
				142F7AF31B93C36E0013636E /* Brown.png in Resources */,
				142F7B031B93C36E0013636E /* thickness.png in Resources */,
				142F7AF01B93C36E0013636E /* b.png in Resources */,
				142F7AFF1B93C36E0013636E /* reset-Small.png in Resources */,
				140E0E1D1B93B8D800811677 /* Images.xcassets in Resources */,
				142F7AFA1B93C36E0013636E /* LightBlue.png in Resources */,
				142F7AFE1B93C36E0013636E /* Red.png in Resources */,
				142F7AFD1B93C36E0013636E /* r.png in Resources */,
				142F7AF61B93C36E0013636E /* DarkOrange.png in Resources */,
				142F7B021B93C36E0013636E /* Setting-2.png in Resources */,
			);
			runOnlyForDeploymentPostprocessing = 0;
		};
		140E0E231B93B8D900811677 /* Resources */ = {
			isa = PBXResourcesBuildPhase;
			buildActionMask = 2147483647;
			files = (
			);
			runOnlyForDeploymentPostprocessing = 0;
		};
/* End PBXResourcesBuildPhase section */

/* Begin PBXSourcesBuildPhase section */
		140E0E081B93B8D800811677 /* Sources */ = {
			isa = PBXSourcesBuildPhase;
			buildActionMask = 2147483647;
			files = (
				140E0E181B93B8D800811677 /* ViewController.m in Sources */,
				140E0E151B93B8D800811677 /* AppDelegate.m in Sources */,
				140E0E121B93B8D800811677 /* main.m in Sources */,
			);
			runOnlyForDeploymentPostprocessing = 0;
		};
		140E0E211B93B8D900811677 /* Sources */ = {
			isa = PBXSourcesBuildPhase;
			buildActionMask = 2147483647;
			files = (
				140E0E2C1B93B8D900811677 /* DrawMeTests.m in Sources */,
			);
			runOnlyForDeploymentPostprocessing = 0;
		};
/* End PBXSourcesBuildPhase section */

/* Begin PBXTargetDependency section */
		140E0E271B93B8D900811677 /* PBXTargetDependency */ = {
			isa = PBXTargetDependency;
			target = 140E0E0B1B93B8D800811677 /* DrawMe */;
			targetProxy = 140E0E261B93B8D900811677 /* PBXContainerItemProxy */;
		};
/* End PBXTargetDependency section */

/* Begin PBXVariantGroup section */
		140E0E191B93B8D800811677 /* Main.storyboard */ = {
			isa = PBXVariantGroup;
			children = (
				140E0E1A1B93B8D800811677 /* Base */,
			);
			name = Main.storyboard;
			sourceTree = "<group>";
		};
		140E0E1E1B93B8D800811677 /* LaunchScreen.xib */ = {
			isa = PBXVariantGroup;
			children = (
				140E0E1F1B93B8D800811677 /* Base */,
			);
			name = LaunchScreen.xib;
			sourceTree = "<group>";
		};
/* End PBXVariantGroup section */

/* Begin XCBuildConfiguration section */
		140E0E2D1B93B8D900811677 /* Debug */ = {
			isa = XCBuildConfiguration;
			buildSettings = {
				ALWAYS_SEARCH_USER_PATHS = NO;
				CLANG_CXX_LANGUAGE_STANDARD = "gnu++0x";
				CLANG_CXX_LIBRARY = "libc++";
				CLANG_ENABLE_MODULES = YES;
				CLANG_ENABLE_OBJC_ARC = YES;
				CLANG_WARN_BOOL_CONVERSION = YES;
				CLANG_WARN_CONSTANT_CONVERSION = YES;
				CLANG_WARN_DIRECT_OBJC_ISA_USAGE = YES_ERROR;
				CLANG_WARN_EMPTY_BODY = YES;
				CLANG_WARN_ENUM_CONVERSION = YES;
				CLANG_WARN_INT_CONVERSION = YES;
				CLANG_WARN_OBJC_ROOT_CLASS = YES_ERROR;
				CLANG_WARN_UNREACHABLE_CODE = YES;
				CLANG_WARN__DUPLICATE_METHOD_MATCH = YES;
				"CODE_SIGN_IDENTITY[sdk=iphoneos*]" = "iPhone Developer";
				COPY_PHASE_STRIP = NO;
				DEBUG_INFORMATION_FORMAT = "dwarf-with-dsym";
				ENABLE_STRICT_OBJC_MSGSEND = YES;
				GCC_C_LANGUAGE_STANDARD = gnu99;
				GCC_DYNAMIC_NO_PIC = NO;
				GCC_NO_COMMON_BLOCKS = YES;
				GCC_OPTIMIZATION_LEVEL = 0;
				GCC_PREPROCESSOR_DEFINITIONS = (
					"DEBUG=1",
					"$(inherited)",
				);
				GCC_SYMBOLS_PRIVATE_EXTERN = NO;
				GCC_WARN_64_TO_32_BIT_CONVERSION = YES;
				GCC_WARN_ABOUT_RETURN_TYPE = YES_ERROR;
				GCC_WARN_UNDECLARED_SELECTOR = YES;
				GCC_WARN_UNINITIALIZED_AUTOS = YES_AGGRESSIVE;
				GCC_WARN_UNUSED_FUNCTION = YES;
				GCC_WARN_UNUSED_VARIABLE = YES;
				IPHONEOS_DEPLOYMENT_TARGET = 8.4;
				MTL_ENABLE_DEBUG_INFO = YES;
				ONLY_ACTIVE_ARCH = YES;
				SDKROOT = iphoneos;
				TARGETED_DEVICE_FAMILY = "1,2";
			};
			name = Debug;
		};
		140E0E2E1B93B8D900811677 /* Release */ = {
			isa = XCBuildConfiguration;
			buildSettings = {
				ALWAYS_SEARCH_USER_PATHS = NO;
				CLANG_CXX_LANGUAGE_STANDARD = "gnu++0x";
				CLANG_CXX_LIBRARY = "libc++";
				CLANG_ENABLE_MODULES = YES;
				CLANG_ENABLE_OBJC_ARC = YES;
				CLANG_WARN_BOOL_CONVERSION = YES;
				CLANG_WARN_CONSTANT_CONVERSION = YES;
				CLANG_WARN_DIRECT_OBJC_ISA_USAGE = YES_ERROR;
				CLANG_WARN_EMPTY_BODY = YES;
				CLANG_WARN_ENUM_CONVERSION = YES;
				CLANG_WARN_INT_CONVERSION = YES;
				CLANG_WARN_OBJC_ROOT_CLASS = YES_ERROR;
				CLANG_WARN_UNREACHABLE_CODE = YES;
				CLANG_WARN__DUPLICATE_METHOD_MATCH = YES;
				"CODE_SIGN_IDENTITY[sdk=iphoneos*]" = "iPhone Developer";
				COPY_PHASE_STRIP = NO;
				DEBUG_INFORMATION_FORMAT = "dwarf-with-dsym";
				ENABLE_NS_ASSERTIONS = NO;
				ENABLE_STRICT_OBJC_MSGSEND = YES;
				GCC_C_LANGUAGE_STANDARD = gnu99;
				GCC_NO_COMMON_BLOCKS = YES;
				GCC_WARN_64_TO_32_BIT_CONVERSION = YES;
				GCC_WARN_ABOUT_RETURN_TYPE = YES_ERROR;
				GCC_WARN_UNDECLARED_SELECTOR = YES;
				GCC_WARN_UNINITIALIZED_AUTOS = YES_AGGRESSIVE;
				GCC_WARN_UNUSED_FUNCTION = YES;
				GCC_WARN_UNUSED_VARIABLE = YES;
				IPHONEOS_DEPLOYMENT_TARGET = 8.4;
				MTL_ENABLE_DEBUG_INFO = NO;
				SDKROOT = iphoneos;
				TARGETED_DEVICE_FAMILY = "1,2";
				VALIDATE_PRODUCT = YES;
			};
			name = Release;
		};
		140E0E301B93B8D900811677 /* Debug */ = {
			isa = XCBuildConfiguration;
			buildSettings = {
				ASSETCATALOG_COMPILER_APPICON_NAME = AppIcon;
				CODE_SIGN_IDENTITY = "iPhone Developer";
				"CODE_SIGN_IDENTITY[sdk=iphoneos*]" = "iPhone Developer";
				INFOPLIST_FILE = DrawMe/Info.plist;
				LD_RUNPATH_SEARCH_PATHS = "$(inherited) @executable_path/Frameworks";
				PRODUCT_NAME = "$(TARGET_NAME)";
				PROVISIONING_PROFILE = "";
			};
			name = Debug;
		};
		140E0E311B93B8D900811677 /* Release */ = {
			isa = XCBuildConfiguration;
			buildSettings = {
				ASSETCATALOG_COMPILER_APPICON_NAME = AppIcon;
				CODE_SIGN_IDENTITY = "iPhone Developer";
				"CODE_SIGN_IDENTITY[sdk=iphoneos*]" = "iPhone Developer";
				INFOPLIST_FILE = DrawMe/Info.plist;
				LD_RUNPATH_SEARCH_PATHS = "$(inherited) @executable_path/Frameworks";
				PRODUCT_NAME = "$(TARGET_NAME)";
				PROVISIONING_PROFILE = "";
			};
			name = Release;
		};
		140E0E331B93B8D900811677 /* Debug */ = {
			isa = XCBuildConfiguration;
			buildSettings = {
				BUNDLE_LOADER = "$(TEST_HOST)";
				FRAMEWORK_SEARCH_PATHS = (
					"$(SDKROOT)/Developer/Library/Frameworks",
					"$(inherited)",
				);
				GCC_PREPROCESSOR_DEFINITIONS = (
					"DEBUG=1",
					"$(inherited)",
				);
				INFOPLIST_FILE = DrawMeTests/Info.plist;
				LD_RUNPATH_SEARCH_PATHS = "$(inherited) @executable_path/Frameworks @loader_path/Frameworks";
				PRODUCT_NAME = "$(TARGET_NAME)";
				TEST_HOST = "$(BUILT_PRODUCTS_DIR)/DrawMe.app/DrawMe";
			};
			name = Debug;
		};
		140E0E341B93B8D900811677 /* Release */ = {
			isa = XCBuildConfiguration;
			buildSettings = {
				BUNDLE_LOADER = "$(TEST_HOST)";
				FRAMEWORK_SEARCH_PATHS = (
					"$(SDKROOT)/Developer/Library/Frameworks",
					"$(inherited)",
				);
				INFOPLIST_FILE = DrawMeTests/Info.plist;
				LD_RUNPATH_SEARCH_PATHS = "$(inherited) @executable_path/Frameworks @loader_path/Frameworks";
				PRODUCT_NAME = "$(TARGET_NAME)";
				TEST_HOST = "$(BUILT_PRODUCTS_DIR)/DrawMe.app/DrawMe";
			};
			name = Release;
		};
/* End XCBuildConfiguration section */

/* Begin XCConfigurationList section */
		140E0E071B93B8D800811677 /* Build configuration list for PBXProject "DrawMe" */ = {
			isa = XCConfigurationList;
			buildConfigurations = (
				140E0E2D1B93B8D900811677 /* Debug */,
				140E0E2E1B93B8D900811677 /* Release */,
			);
			defaultConfigurationIsVisible = 0;
			defaultConfigurationName = Release;
		};
		140E0E2F1B93B8D900811677 /* Build configuration list for PBXNativeTarget "DrawMe" */ = {
			isa = XCConfigurationList;
			buildConfigurations = (
				140E0E301B93B8D900811677 /* Debug */,
				140E0E311B93B8D900811677 /* Release */,
			);
			defaultConfigurationIsVisible = 0;
			defaultConfigurationName = Release;
		};
		140E0E321B93B8D900811677 /* Build configuration list for PBXNativeTarget "DrawMeTests" */ = {
			isa = XCConfigurationList;
			buildConfigurations = (
				140E0E331B93B8D900811677 /* Debug */,
				140E0E341B93B8D900811677 /* Release */,
			);
			defaultConfigurationIsVisible = 0;
			defaultConfigurationName = Release;
		};
/* End XCConfigurationList section */
	};
	rootObject = 140E0E041B93B8D800811677 /* Project object */;
}
